{
  "name": "@rmartz/pr-policy-action",
  "version": "0.0.0-development",
  "lockfileVersion": 3,
  "requires": true,
  "packages": {
    "": {
      "name": "@rmartz/pr-policy-action",
      "version": "0.0.0-development",
      "dependencies": {
        "@rmartz/pr-policy": "0.10.1"
      },
      "devDependencies": {
        "prettier": "^3.9.9"
      },
      "engines": {
        "node": ">=20.11.0"
      }
    },
    "node_modules/@rmartz/pr-policy": {
      "version": "0.10.1",
      "resolved": "https://registry.npmjs.org/@rmartz/pr-policy/-/pr-policy-0.10.1.tgz",
      "integrity": "sha512-0bTP3Qk84yNfHLXrgXdPqGlVt/VzKfsIws1UNs1+o14Yo3lsPZ7sI01YSaXSP6FgPyv7srU7FXLec/jR0CT1WA==",
      "dependencies": {
        "yaml": "^2.9.1"
      },
      "bin": {
        "ai-pr-policy": "dist/bin/pr-policy.js"
      },
      "engines": {
        "node": ">=20.11.0"
      }
    },
    "node_modules/prettier": {
      "version": "3.9.9",
      "resolved": "https://registry.npmjs.org/prettier/-/prettier-3.9.9.tgz",
      "integrity": "sha512-Z/CJHIkdujO/OtN7nXUii0Rf3VT5SRuhjBA82Xvu2XhBUgX3nhP67T0LHceBdQLex7OOFGTox+Q5Yg8Jk2Qivg==",
      "dev": true,
      "license": "MIT",
      "bin": {
        "prettier": "bin/prettier.cjs"
      },
      "engines": {
        "node": ">=14"
      },
      "funding": {
        "url": "https://github.com/prettier/prettier?sponsor=1"
      }
    },
    "node_modules/yaml": {
      "version": "2.9.1",
      "resolved": "https://registry.npmjs.org/yaml/-/yaml-2.9.1.tgz",
      "integrity": "sha512-3NxN8+78OdzbT7C/WjGsyfPAtJaN3FNDsWxv7Y7mcDsT/oOmgW8BpyQQFFBnvZE3j9Y2Sdz1ULFLezL7Eb2yFw==",
      "license": "ISC",
      "bin": {
        "yaml": "bin.mjs"
      },
      "engines": {
        "node": ">= 14.6"
      },
      "funding": {
        "url": "https://github.com/sponsors/eemeli"
      }
    }
  }
}
